
Microsoft Visual Studio Solution File, Format Version 12.00
# Visual Studio Version 17
VisualStudioVersion = 17.14.36202.13 d17.14
MinimumVisualStudioVersion = 10.0.40219.1
Project("{FAE04EC0-301F-11D3-BF4B-00C04F79EFBC}") = "CollegeNBU", "CollegeNBU\CollegeNBU.csproj", "{6302E892-617B-4FF9-8B90-47FFD9F9BA73}"
EndProject
Global
	GlobalSection(SolutionConfigurationPlatforms) = preSolution
		Debug|Any CPU = Debug|Any CPU
		Release|Any CPU = Release|Any CPU
	EndGlobalSection
	GlobalSection(ProjectConfigurationPlatforms) = postSolution
		{6302E892-617B-4FF9-8B90-47FFD9F9BA73}.Debug|Any CPU.ActiveCfg = Debug|Any CPU
		{6302E892-617B-4FF9-8B90-47FFD9F9BA73}.Debug|Any CPU.Build.0 = Debug|Any CPU
		{6302E892-617B-4FF9-8B90-47FFD9F9BA73}.Release|Any CPU.ActiveCfg = Release|Any CPU
		{6302E892-617B-4FF9-8B90-47FFD9F9BA73}.Release|Any CPU.Build.0 = Release|Any CPU
	EndGlobalSection
	GlobalSection(SolutionProperties) = preSolution
		HideSolutionNode = FALSE
	EndGlobalSection
	GlobalSection(ExtensibilityGlobals) = postSolution
		SolutionGuid = {68A65119-B5F5-41ED-8740-D65EACBE0289}
	EndGlobalSection
EndGlobal
